
Microsoft Visual Studio Solution File, Format Version 12.00
# Visual Studio Version 17
VisualStudioVersion = 17.7.34221.43
MinimumVisualStudioVersion = 10.0.40219.1
Project("{8BC9CEB8-8B4A-11D0-8D11-00A0C91BC942}") = "Project2", "Project2\Project2.vcxproj", "{3090CAB2-62F9-4A57-8CD0-C6098ECC8642}"
EndProject
Global
	GlobalSection(SolutionConfigurationPlatforms) = preSolution
		Debug|x64 = Debug|x64
		Debug|x86 = Debug|x86
		Release|x64 = Release|x64
		Release|x86 = Release|x86
	EndGlobalSection
	GlobalSection(ProjectConfigurationPlatforms) = postSolution
		{3090CAB2-62F9-4A57-8CD0-C6098ECC8642}.Debug|x64.ActiveCfg = Debug|x64
		{3090CAB2-62F9-4A57-8CD0-C6098ECC8642}.Debug|x64.Build.0 = Debug|x64
		{3090CAB2-62F9-4A57-8CD0-C6098ECC8642}.Debug|x86.ActiveCfg = Debug|Win32
		{3090CAB2-62F9-4A57-8CD0-C6098ECC8642}.Debug|x86.Build.0 = Debug|Win32
		{3090CAB2-62F9-4A57-8CD0-C6098ECC8642}.Release|x64.ActiveCfg = Release|x64
		{3090CAB2-62F9-4A57-8CD0-C6098ECC8642}.Release|x64.Build.0 = Release|x64
		{3090CAB2-62F9-4A57-8CD0-C6098ECC8642}.Release|x86.ActiveCfg = Release|Win32
		{3090CAB2-62F9-4A57-8CD0-C6098ECC8642}.Release|x86.Build.0 = Release|Win32
	EndGlobalSection
	GlobalSection(SolutionProperties) = preSolution
		HideSolutionNode = FALSE
	EndGlobalSection
	GlobalSection(ExtensibilityGlobals) = postSolution
		SolutionGuid = {6C82DEE1-7F92-4A5A-B4A7-CB84A7426B0A}
	EndGlobalSection
EndGlobal
